
Microsoft Visual Studio Solution File, Format Version 12.00
# Visual Studio 15
VisualStudioVersion = 15.0.28307.168
MinimumVisualStudioVersion = 10.0.40219.1
Project("{FAE04EC0-301F-11D3-BF4B-00C04F79EFBC}") = "Task1", "Task1\Task1.csproj", "{4B0D7E75-87B3-4CC3-AD0B-22A618ED8D03}"
EndProject
Global
	GlobalSection(SolutionConfigurationPlatforms) = preSolution
		Debug|Any CPU = Debug|Any CPU
		Release|Any CPU = Release|Any CPU
	EndGlobalSection
	GlobalSection(ProjectConfigurationPlatforms) = postSolution
		{4B0D7E75-87B3-4CC3-AD0B-22A618ED8D03}.Debug|Any CPU.ActiveCfg = Debug|Any CPU
		{4B0D7E75-87B3-4CC3-AD0B-22A618ED8D03}.Debug|Any CPU.Build.0 = Debug|Any CPU
		{4B0D7E75-87B3-4CC3-AD0B-22A618ED8D03}.Release|Any CPU.ActiveCfg = Release|Any CPU
		{4B0D7E75-87B3-4CC3-AD0B-22A618ED8D03}.Release|Any CPU.Build.0 = Release|Any CPU
	EndGlobalSection
	GlobalSection(SolutionProperties) = preSolution
		HideSolutionNode = FALSE
	EndGlobalSection
	GlobalSection(ExtensibilityGlobals) = postSolution
		SolutionGuid = {41DAC288-E688-40C1-B818-0DB24972A7BE}
	EndGlobalSection
EndGlobal
